
Microsoft Visual Studio Solution File, Format Version 12.00
# Visual Studio Version 16
VisualStudioVersion = 16.0.31702.278
MinimumVisualStudioVersion = 10.0.40219.1
Project("{FAE04EC0-301F-11D3-BF4B-00C04F79EFBC}") = "JoshDevenyi_PokemonPassionProject", "JoshDevenyi_PokemonPassionProject\JoshDevenyi_PokemonPassionProject.csproj", "{37210BD8-2750-4A3D-A50B-19AA5905CFC3}"
EndProject
Global
	GlobalSection(SolutionConfigurationPlatforms) = preSolution
		Debug|Any CPU = Debug|Any CPU
		Release|Any CPU = Release|Any CPU
	EndGlobalSection
	GlobalSection(ProjectConfigurationPlatforms) = postSolution
		{37210BD8-2750-4A3D-A50B-19AA5905CFC3}.Debug|Any CPU.ActiveCfg = Debug|Any CPU
		{37210BD8-2750-4A3D-A50B-19AA5905CFC3}.Debug|Any CPU.Build.0 = Debug|Any CPU
		{37210BD8-2750-4A3D-A50B-19AA5905CFC3}.Release|Any CPU.ActiveCfg = Release|Any CPU
		{37210BD8-2750-4A3D-A50B-19AA5905CFC3}.Release|Any CPU.Build.0 = Release|Any CPU
	EndGlobalSection
	GlobalSection(SolutionProperties) = preSolution
		HideSolutionNode = FALSE
	EndGlobalSection
	GlobalSection(ExtensibilityGlobals) = postSolution
		SolutionGuid = {3D063918-76CB-465A-8447-75BCF3AB5CD9}
	EndGlobalSection
EndGlobal
